
Microsoft Visual Studio Solution File, Format Version 12.00
# Visual Studio Version 17
VisualStudioVersion = 17.11.35222.181
MinimumVisualStudioVersion = 10.0.40219.1
Project("{FAE04EC0-301F-11D3-BF4B-00C04F79EFBC}") = "BeautyShop", "BeautyShop\BeautyShop.csproj", "{B7025C78-3F84-42B2-8C68-506496F37F69}"
EndProject
Global
	GlobalSection(SolutionConfigurationPlatforms) = preSolution
		Debug|Any CPU = Debug|Any CPU
		Release|Any CPU = Release|Any CPU
	EndGlobalSection
	GlobalSection(ProjectConfigurationPlatforms) = postSolution
		{B7025C78-3F84-42B2-8C68-506496F37F69}.Debug|Any CPU.ActiveCfg = Debug|Any CPU
		{B7025C78-3F84-42B2-8C68-506496F37F69}.Debug|Any CPU.Build.0 = Debug|Any CPU
		{B7025C78-3F84-42B2-8C68-506496F37F69}.Release|Any CPU.ActiveCfg = Release|Any CPU
		{B7025C78-3F84-42B2-8C68-506496F37F69}.Release|Any CPU.Build.0 = Release|Any CPU
	EndGlobalSection
	GlobalSection(SolutionProperties) = preSolution
		HideSolutionNode = FALSE
	EndGlobalSection
	GlobalSection(ExtensibilityGlobals) = postSolution
		SolutionGuid = {CD48C456-142C-4566-8790-FDD43A6E2400}
	EndGlobalSection
EndGlobal
